{
  "lockfileVersion": 1,
  "workspaces": {
    "": {
      "name": "polysome",
      "devDependencies": {
        "husky": "^9.1.7",
        "prettier": "^3.1.0",
        "typescript": "^5.0.0",
      },
    },
  },
  "packages": {
    "husky": ["husky@9.1.7", "", { "bin": { "husky": "bin.js" } }, "sha512-5gs5ytaNjBrh5Ow3zrvdUUY+0VxIuWVL4i9irt6friV+BqdCfmV11CQTWMiBYWHbXhco+J1kHfTOUkePhCDvMA=="],

    "prettier": ["prettier@3.3.1", "", { "bin": "bin/prettier.cjs" }, "sha512-7CAwy5dRsxs8PHXT3twixW9/OEll8MLE0VRPCJyl7CkS6VHGPSlsVaWTiASPTyGyYRyApxlaWTzwUxVNrhcwDg=="],

    "typescript": ["typescript@5.4.5", "", { "bin": { "tsc": "bin/tsc", "tsserver": "bin/tsserver" } }, "sha512-vcI4UpRgg81oIRUFwR0WSIHKt11nJ7SAVlYNIu+QpqeyXP+gpQJy/Z4+F0aGxSE4MqwjyXvW/TzgkLAx2AGHwQ=="],
  }
}
